
Microsoft Visual Studio Solution File, Format Version 12.00
# Visual Studio Version 17
VisualStudioVersion = 17.6.33815.320
MinimumVisualStudioVersion = 10.0.40219.1
Project("{FAE04EC0-301F-11D3-BF4B-00C04F79EFBC}") = "ScreenSound", "ScreenSound.csproj", "{BC857E37-88AD-4F0D-9130-77D00250667A}"
EndProject
Global
	GlobalSection(SolutionConfigurationPlatforms) = preSolution
		Debug|Any CPU = Debug|Any CPU
		Release|Any CPU = Release|Any CPU
	EndGlobalSection
	GlobalSection(ProjectConfigurationPlatforms) = postSolution
		{BC857E37-88AD-4F0D-9130-77D00250667A}.Debug|Any CPU.ActiveCfg = Debug|Any CPU
		{BC857E37-88AD-4F0D-9130-77D00250667A}.Debug|Any CPU.Build.0 = Debug|Any CPU
		{BC857E37-88AD-4F0D-9130-77D00250667A}.Release|Any CPU.ActiveCfg = Release|Any CPU
		{BC857E37-88AD-4F0D-9130-77D00250667A}.Release|Any CPU.Build.0 = Release|Any CPU
	EndGlobalSection
	GlobalSection(SolutionProperties) = preSolution
		HideSolutionNode = FALSE
	EndGlobalSection
	GlobalSection(ExtensibilityGlobals) = postSolution
		SolutionGuid = {4EB26AEB-FEA8-4B95-BBA5-A87BC7149DD6}
	EndGlobalSection
EndGlobal
